
Microsoft Visual Studio Solution File, Format Version 12.00
# Visual Studio Version 17
VisualStudioVersion = 17.9.34728.123
MinimumVisualStudioVersion = 10.0.40219.1
Project("{FAE04EC0-301F-11D3-BF4B-00C04F79EFBC}") = "RabbitMQWeb.Watermark", "RabbitMQWeb.Watermark\RabbitMQWeb.Watermark.csproj", "{C182BA6C-D4C1-4ED3-B053-2AD9C63A2913}"
EndProject
Global
	GlobalSection(SolutionConfigurationPlatforms) = preSolution
		Debug|Any CPU = Debug|Any CPU
		Release|Any CPU = Release|Any CPU
	EndGlobalSection
	GlobalSection(ProjectConfigurationPlatforms) = postSolution
		{C182BA6C-D4C1-4ED3-B053-2AD9C63A2913}.Debug|Any CPU.ActiveCfg = Debug|Any CPU
		{C182BA6C-D4C1-4ED3-B053-2AD9C63A2913}.Debug|Any CPU.Build.0 = Debug|Any CPU
		{C182BA6C-D4C1-4ED3-B053-2AD9C63A2913}.Release|Any CPU.ActiveCfg = Release|Any CPU
		{C182BA6C-D4C1-4ED3-B053-2AD9C63A2913}.Release|Any CPU.Build.0 = Release|Any CPU
	EndGlobalSection
	GlobalSection(SolutionProperties) = preSolution
		HideSolutionNode = FALSE
	EndGlobalSection
	GlobalSection(ExtensibilityGlobals) = postSolution
		SolutionGuid = {F64295D5-CFB5-4094-851A-562D1DEB2FE6}
	EndGlobalSection
EndGlobal
